
Microsoft Visual Studio Solution File, Format Version 12.00
# Visual Studio Version 17
VisualStudioVersion = 17.5.33627.172
MinimumVisualStudioVersion = 10.0.40219.1
Project("{9A19103F-16F7-4668-BE54-9A1E7A4F7556}") = "ApiProjectArchitecture", "ApiProjectArchitecture.csproj", "{250416AB-49CF-4E31-ADBC-9F058F6E1D3D}"
EndProject
Project("{9A19103F-16F7-4668-BE54-9A1E7A4F7556}") = "Services", "..\Services\Services.csproj", "{CD2013A3-C610-4DB1-8582-F0ACA4B4E928}"
EndProject
Project("{9A19103F-16F7-4668-BE54-9A1E7A4F7556}") = "Data", "..\Data\Data.csproj", "{F606EE51-B4F1-4FD5-8C5F-6FD1A299F346}"
EndProject
Project("{9A19103F-16F7-4668-BE54-9A1E7A4F7556}") = "Entities", "..\Entities\Entities.csproj", "{4BDB24CC-8196-4BA7-9361-5F355450C07D}"
EndProject
Project("{FAE04EC0-301F-11D3-BF4B-00C04F79EFBC}") = "Utilities", "..\Utilities\Utilities.csproj", "{39BCB0B8-089C-48B4-AE88-1903FAD103A3}"
EndProject
Global
	GlobalSection(SolutionConfigurationPlatforms) = preSolution
		Debug|Any CPU = Debug|Any CPU
		Release|Any CPU = Release|Any CPU
	EndGlobalSection
	GlobalSection(ProjectConfigurationPlatforms) = postSolution
		{250416AB-49CF-4E31-ADBC-9F058F6E1D3D}.Debug|Any CPU.ActiveCfg = Debug|Any CPU
		{250416AB-49CF-4E31-ADBC-9F058F6E1D3D}.Debug|Any CPU.Build.0 = Debug|Any CPU
		{250416AB-49CF-4E31-ADBC-9F058F6E1D3D}.Release|Any CPU.ActiveCfg = Release|Any CPU
		{250416AB-49CF-4E31-ADBC-9F058F6E1D3D}.Release|Any CPU.Build.0 = Release|Any CPU
		{CD2013A3-C610-4DB1-8582-F0ACA4B4E928}.Debug|Any CPU.ActiveCfg = Debug|Any CPU
		{CD2013A3-C610-4DB1-8582-F0ACA4B4E928}.Debug|Any CPU.Build.0 = Debug|Any CPU
		{CD2013A3-C610-4DB1-8582-F0ACA4B4E928}.Release|Any CPU.ActiveCfg = Release|Any CPU
		{CD2013A3-C610-4DB1-8582-F0ACA4B4E928}.Release|Any CPU.Build.0 = Release|Any CPU
		{F606EE51-B4F1-4FD5-8C5F-6FD1A299F346}.Debug|Any CPU.ActiveCfg = Debug|Any CPU
		{F606EE51-B4F1-4FD5-8C5F-6FD1A299F346}.Debug|Any CPU.Build.0 = Debug|Any CPU
		{F606EE51-B4F1-4FD5-8C5F-6FD1A299F346}.Release|Any CPU.ActiveCfg = Release|Any CPU
		{F606EE51-B4F1-4FD5-8C5F-6FD1A299F346}.Release|Any CPU.Build.0 = Release|Any CPU
		{4BDB24CC-8196-4BA7-9361-5F355450C07D}.Debug|Any CPU.ActiveCfg = Debug|Any CPU
		{4BDB24CC-8196-4BA7-9361-5F355450C07D}.Debug|Any CPU.Build.0 = Debug|Any CPU
		{4BDB24CC-8196-4BA7-9361-5F355450C07D}.Release|Any CPU.ActiveCfg = Release|Any CPU
		{4BDB24CC-8196-4BA7-9361-5F355450C07D}.Release|Any CPU.Build.0 = Release|Any CPU
		{39BCB0B8-089C-48B4-AE88-1903FAD103A3}.Debug|Any CPU.ActiveCfg = Debug|Any CPU
		{39BCB0B8-089C-48B4-AE88-1903FAD103A3}.Debug|Any CPU.Build.0 = Debug|Any CPU
		{39BCB0B8-089C-48B4-AE88-1903FAD103A3}.Release|Any CPU.ActiveCfg = Release|Any CPU
		{39BCB0B8-089C-48B4-AE88-1903FAD103A3}.Release|Any CPU.Build.0 = Release|Any CPU
	EndGlobalSection
	GlobalSection(SolutionProperties) = preSolution
		HideSolutionNode = FALSE
	EndGlobalSection
	GlobalSection(ExtensibilityGlobals) = postSolution
		SolutionGuid = {CD0B22D7-C699-41C3-980D-AA5F7B63221C}
	EndGlobalSection
EndGlobal
